// !$*UTF8*$!
{
	archiveVersion = 1;
	classes = {
	};
	objectVersion = 46;
	objects = {

/* Begin PBXBuildFile section */
		037045A21E25E12600FE6BBE /* AppDelegate.swift in Sources */ = {isa = PBXBuildFile; fileRef = 037045A11E25E12600FE6BBE /* AppDelegate.swift */; };
		037045A41E25E12600FE6BBE /* ViewController.swift in Sources */ = {isa = PBXBuildFile; fileRef = 037045A31E25E12600FE6BBE /* ViewController.swift */; };
		037045A71E25E12600FE6BBE /* Main.storyboard in Resources */ = {isa = PBXBuildFile; fileRef = 037045A51E25E12600FE6BBE /* Main.storyboard */; };
		037045A91E25E12600FE6BBE /* Assets.xcassets in Resources */ = {isa = PBXBuildFile; fileRef = 037045A81E25E12600FE6BBE /* Assets.xcassets */; };
		037045AC1E25E12600FE6BBE /* LaunchScreen.storyboard in Resources */ = {isa = PBXBuildFile; fileRef = 037045AA1E25E12600FE6BBE /* LaunchScreen.storyboard */; };
		037045B51E26109700FE6BBE /* candleOff.jpeg in Resources */ = {isa = PBXBuildFile; fileRef = 037045B31E26109700FE6BBE /* candleOff.jpeg */; };
		037045B61E26109700FE6BBE /* candleOn.jpeg in Resources */ = {isa = PBXBuildFile; fileRef = 037045B41E26109700FE6BBE /* candleOn.jpeg */; };
/* End PBXBuildFile section */

/* Begin PBXFileReference section */
		0370459E1E25E12600FE6BBE /* MyCandle.app */ = {isa = PBXFileReference; explicitFileType = wrapper.application; includeInIndex = 0; path = MyCandle.app; sourceTree = BUILT_PRODUCTS_DIR; };
		037045A11E25E12600FE6BBE /* AppDelegate.swift */ = {isa = PBXFileReference; lastKnownFileType = sourcecode.swift; path = AppDelegate.swift; sourceTree = "<group>"; };
		037045A31E25E12600FE6BBE /* ViewController.swift */ = {isa = PBXFileReference; lastKnownFileType = sourcecode.swift; path = ViewController.swift; sourceTree = "<group>"; };
		037045A61E25E12600FE6BBE /* Base */ = {isa = PBXFileReference; lastKnownFileType = file.storyboard; name = Base; path = Base.lproj/Main.storyboard; sourceTree = "<group>"; };
		037045A81E25E12600FE6BBE /* Assets.xcassets */ = {isa = PBXFileReference; lastKnownFileType = folder.assetcatalog; path = Assets.xcassets; sourceTree = "<group>"; };
		037045AB1E25E12600FE6BBE /* Base */ = {isa = PBXFileReference; lastKnownFileType = file.storyboard; name = Base; path = Base.lproj/LaunchScreen.storyboard; sourceTree = "<group>"; };
		037045AD1E25E12600FE6BBE /* Info.plist */ = {isa = PBXFileReference; lastKnownFileType = text.plist.xml; path = Info.plist; sourceTree = "<group>"; };
		037045B31E26109700FE6BBE /* candleOff.jpeg */ = {isa = PBXFileReference; lastKnownFileType = image.jpeg; path = candleOff.jpeg; sourceTree = "<group>"; };
		037045B41E26109700FE6BBE /* candleOn.jpeg */ = {isa = PBXFileReference; lastKnownFileType = image.jpeg; path = candleOn.jpeg; sourceTree = "<group>"; };
/* End PBXFileReference section */

/* Begin PBXFrameworksBuildPhase section */
		0370459B1E25E12600FE6BBE /* Frameworks */ = {
			isa = PBXFrameworksBuildPhase;
			buildActionMask = 2147483647;
			files = (
			);
			runOnlyForDeploymentPostprocessing = 0;
		};
/* End PBXFrameworksBuildPhase section */

/* Begin PBXGroup section */
		037045951E25E12600FE6BBE = {
			isa = PBXGroup;
			children = (
				037045A01E25E12600FE6BBE /* MyCandle */,
				0370459F1E25E12600FE6BBE /* Products */,
			);
			sourceTree = "<group>";
		};
		0370459F1E25E12600FE6BBE /* Products */ = {
			isa = PBXGroup;
			children = (
				0370459E1E25E12600FE6BBE /* MyCandle.app */,
			);
			name = Products;
			sourceTree = "<group>";
		};
		037045A01E25E12600FE6BBE /* MyCandle */ = {
			isa = PBXGroup;
			children = (
				037045A11E25E12600FE6BBE /* AppDelegate.swift */,
				037045A31E25E12600FE6BBE /* ViewController.swift */,
				037045A51E25E12600FE6BBE /* Main.storyboard */,
				037045A81E25E12600FE6BBE /* Assets.xcassets */,
				037045AA1E25E12600FE6BBE /* LaunchScreen.storyboard */,
				037045B41E26109700FE6BBE /* candleOn.jpeg */,
				037045B31E26109700FE6BBE /* candleOff.jpeg */,
				037045AD1E25E12600FE6BBE /* Info.plist */,
			);
			path = MyCandle;
			sourceTree = "<group>";
		};
/* End PBXGroup section */

/* Begin PBXNativeTarget section */
		0370459D1E25E12600FE6BBE /* MyCandle */ = {
			isa = PBXNativeTarget;
			buildConfigurationList = 037045B01E25E12600FE6BBE /* Build configuration list for PBXNativeTarget "MyCandle" */;
			buildPhases = (
				0370459A1E25E12600FE6BBE /* Sources */,
				0370459B1E25E12600FE6BBE /* Frameworks */,
				0370459C1E25E12600FE6BBE /* Resources */,
			);
			buildRules = (
			);
			dependencies = (
			);
			name = MyCandle;
			productName = MyCandle;
			productReference = 0370459E1E25E12600FE6BBE /* MyCandle.app */;
			productType = "com.apple.product-type.application";
		};
/* End PBXNativeTarget section */

/* Begin PBXProject section */
		037045961E25E12600FE6BBE /* Project object */ = {
			isa = PBXProject;
			attributes = {
				LastSwiftUpdateCheck = 0820;
				LastUpgradeCheck = 0820;
				ORGANIZATIONNAME = "Jiyeon park";
				TargetAttributes = {
					0370459D1E25E12600FE6BBE = {
						CreatedOnToolsVersion = 8.2.1;
						ProvisioningStyle = Automatic;
					};
				};
			};
			buildConfigurationList = 037045991E25E12600FE6BBE /* Build configuration list for PBXProject "MyCandle" */;
			compatibilityVersion = "Xcode 3.2";
			developmentRegion = English;
			hasScannedForEncodings = 0;
			knownRegions = (
				en,
				Base,
			);
			mainGroup = 037045951E25E12600FE6BBE;
			productRefGroup = 0370459F1E25E12600FE6BBE /* Products */;
			projectDirPath = "";
			projectRoot = "";
			targets = (
				0370459D1E25E12600FE6BBE /* MyCandle */,
			);
		};
/* End PBXProject section */

/* Begin PBXResourcesBuildPhase section */
		0370459C1E25E12600FE6BBE /* Resources */ = {
			isa = PBXResourcesBuildPhase;
			buildActionMask = 2147483647;
			files = (
				037045B51E26109700FE6BBE /* candleOff.jpeg in Resources */,
				037045AC1E25E12600FE6BBE /* LaunchScreen.storyboard in Resources */,
				037045B61E26109700FE6BBE /* candleOn.jpeg in Resources */,
				037045A91E25E12600FE6BBE /* Assets.xcassets in Resources */,
				037045A71E25E12600FE6BBE /* Main.storyboard in Resources */,
			);
			runOnlyForDeploymentPostprocessing = 0;
		};
/* End PBXResourcesBuildPhase section */

/* Begin PBXSourcesBuildPhase section */
		0370459A1E25E12600FE6BBE /* Sources */ = {
			isa = PBXSourcesBuildPhase;
			buildActionMask = 2147483647;
			files = (
				037045A41E25E12600FE6BBE /* ViewController.swift in Sources */,
				037045A21E25E12600FE6BBE /* AppDelegate.swift in Sources */,
			);
			runOnlyForDeploymentPostprocessing = 0;
		};
/* End PBXSourcesBuildPhase section */

/* Begin PBXVariantGroup section */
		037045A51E25E12600FE6BBE /* Main.storyboard */ = {
			isa = PBXVariantGroup;
			children = (
				037045A61E25E12600FE6BBE /* Base */,
			);
			name = Main.storyboard;
			sourceTree = "<group>";
		};
		037045AA1E25E12600FE6BBE /* LaunchScreen.storyboard */ = {
			isa = PBXVariantGroup;
			children = (
				037045AB1E25E12600FE6BBE /* Base */,
			);
			name = LaunchScreen.storyboard;
			sourceTree = "<group>";
		};
/* End PBXVariantGroup section */

/* Begin XCBuildConfiguration section */
		037045AE1E25E12600FE6BBE /* Debug */ = {
			isa = XCBuildConfiguration;
			buildSettings = {
				ALWAYS_SEARCH_USER_PATHS = NO;
				CLANG_ANALYZER_NONNULL = YES;
				CLANG_CXX_LANGUAGE_STANDARD = "gnu++0x";
				CLANG_CXX_LIBRARY = "libc++";
				CLANG_ENABLE_MODULES = YES;
				CLANG_ENABLE_OBJC_ARC = YES;
				CLANG_WARN_BOOL_CONVERSION = YES;
				CLANG_WARN_CONSTANT_CONVERSION = YES;
				CLANG_WARN_DIRECT_OBJC_ISA_USAGE = YES_ERROR;
				CLANG_WARN_DOCUMENTATION_COMMENTS = YES;
				CLANG_WARN_EMPTY_BODY = YES;
				CLANG_WARN_ENUM_CONVERSION = YES;
				CLANG_WARN_INFINITE_RECURSION = YES;
				CLANG_WARN_INT_CONVERSION = YES;
				CLANG_WARN_OBJC_ROOT_CLASS = YES_ERROR;
				CLANG_WARN_SUSPICIOUS_MOVE = YES;
				CLANG_WARN_UNREACHABLE_CODE = YES;
				CLANG_WARN__DUPLICATE_METHOD_MATCH = YES;
				"CODE_SIGN_IDENTITY[sdk=iphoneos*]" = "iPhone Developer";
				COPY_PHASE_STRIP = NO;
				DEBUG_INFORMATION_FORMAT = dwarf;
				ENABLE_STRICT_OBJC_MSGSEND = YES;
				ENABLE_TESTABILITY = YES;
				GCC_C_LANGUAGE_STANDARD = gnu99;
				GCC_DYNAMIC_NO_PIC = NO;
				GCC_NO_COMMON_BLOCKS = YES;
				GCC_OPTIMIZATION_LEVEL = 0;
				GCC_PREPROCESSOR_DEFINITIONS = (
					"DEBUG=1",
					"$(inherited)",
				);
				GCC_WARN_64_TO_32_BIT_CONVERSION = YES;
				GCC_WARN_ABOUT_RETURN_TYPE = YES_ERROR;
				GCC_WARN_UNDECLARED_SELECTOR = YES;
				GCC_WARN_UNINITIALIZED_AUTOS = YES_AGGRESSIVE;
				GCC_WARN_UNUSED_FUNCTION = YES;
				GCC_WARN_UNUSED_VARIABLE = YES;
				IPHONEOS_DEPLOYMENT_TARGET = 10.2;
				MTL_ENABLE_DEBUG_INFO = YES;
				ONLY_ACTIVE_ARCH = YES;
				SDKROOT = iphoneos;
				SWIFT_ACTIVE_COMPILATION_CONDITIONS = DEBUG;
				SWIFT_OPTIMIZATION_LEVEL = "-Onone";
				TARGETED_DEVICE_FAMILY = "1,2";
			};
			name = Debug;
		};
		037045AF1E25E12600FE6BBE /* Release */ = {
			isa = XCBuildConfiguration;
			buildSettings = {
				ALWAYS_SEARCH_USER_PATHS = NO;
				CLANG_ANALYZER_NONNULL = YES;
				CLANG_CXX_LANGUAGE_STANDARD = "gnu++0x";
				CLANG_CXX_LIBRARY = "libc++";
				CLANG_ENABLE_MODULES = YES;
				CLANG_ENABLE_OBJC_ARC = YES;
				CLANG_WARN_BOOL_CONVERSION = YES;
				CLANG_WARN_CONSTANT_CONVERSION = YES;
				CLANG_WARN_DIRECT_OBJC_ISA_USAGE = YES_ERROR;
				CLANG_WARN_DOCUMENTATION_COMMENTS = YES;
				CLANG_WARN_EMPTY_BODY = YES;
				CLANG_WARN_ENUM_CONVERSION = YES;
				CLANG_WARN_INFINITE_RECURSION = YES;
				CLANG_WARN_INT_CONVERSION = YES;
				CLANG_WARN_OBJC_ROOT_CLASS = YES_ERROR;
				CLANG_WARN_SUSPICIOUS_MOVE = YES;
				CLANG_WARN_UNREACHABLE_CODE = YES;
				CLANG_WARN__DUPLICATE_METHOD_MATCH = YES;
				"CODE_SIGN_IDENTITY[sdk=iphoneos*]" = "iPhone Developer";
				COPY_PHASE_STRIP = NO;
				DEBUG_INFORMATION_FORMAT = "dwarf-with-dsym";
				ENABLE_NS_ASSERTIONS = NO;
				ENABLE_STRICT_OBJC_MSGSEND = YES;
				GCC_C_LANGUAGE_STANDARD = gnu99;
				GCC_NO_COMMON_BLOCKS = YES;
				GCC_WARN_64_TO_32_BIT_CONVERSION = YES;
				GCC_WARN_ABOUT_RETURN_TYPE = YES_ERROR;
				GCC_WARN_UNDECLARED_SELECTOR = YES;
				GCC_WARN_UNINITIALIZED_AUTOS = YES_AGGRESSIVE;
				GCC_WARN_UNUSED_FUNCTION = YES;
				GCC_WARN_UNUSED_VARIABLE = YES;
				IPHONEOS_DEPLOYMENT_TARGET = 10.2;
				MTL_ENABLE_DEBUG_INFO = NO;
				SDKROOT = iphoneos;
				SWIFT_OPTIMIZATION_LEVEL = "-Owholemodule";
				TARGETED_DEVICE_FAMILY = "1,2";
				VALIDATE_PRODUCT = YES;
			};
			name = Release;
		};
		037045B11E25E12600FE6BBE /* Debug */ = {
			isa = XCBuildConfiguration;
			buildSettings = {
				ASSETCATALOG_COMPILER_APPICON_NAME = AppIcon;
				INFOPLIST_FILE = MyCandle/Info.plist;
				LD_RUNPATH_SEARCH_PATHS = "$(inherited) @executable_path/Frameworks";
				PRODUCT_BUNDLE_IDENTIFIER = jina.MyCandle;
				PRODUCT_NAME = "$(TARGET_NAME)";
				SWIFT_VERSION = 3.0;
			};
			name = Debug;
		};
		037045B21E25E12600FE6BBE /* Release */ = {
			isa = XCBuildConfiguration;
			buildSettings = {
				ASSETCATALOG_COMPILER_APPICON_NAME = AppIcon;
				INFOPLIST_FILE = MyCandle/Info.plist;
				LD_RUNPATH_SEARCH_PATHS = "$(inherited) @executable_path/Frameworks";
				PRODUCT_BUNDLE_IDENTIFIER = jina.MyCandle;
				PRODUCT_NAME = "$(TARGET_NAME)";
				SWIFT_VERSION = 3.0;
			};
			name = Release;
		};
/* End XCBuildConfiguration section */

/* Begin XCConfigurationList section */
		037045991E25E12600FE6BBE /* Build configuration list for PBXProject "MyCandle" */ = {
			isa = XCConfigurationList;
			buildConfigurations = (
				037045AE1E25E12600FE6BBE /* Debug */,
				037045AF1E25E12600FE6BBE /* Release */,
			);
			defaultConfigurationIsVisible = 0;
			defaultConfigurationName = Release;
		};
		037045B01E25E12600FE6BBE /* Build configuration list for PBXNativeTarget "MyCandle" */ = {
			isa = XCConfigurationList;
			buildConfigurations = (
				037045B11E25E12600FE6BBE /* Debug */,
				037045B21E25E12600FE6BBE /* Release */,
			);
			defaultConfigurationIsVisible = 0;
		};
/* End XCConfigurationList section */
	};
	rootObject = 037045961E25E12600FE6BBE /* Project object */;
}
